
Microsoft Visual Studio Solution File, Format Version 12.00
# Visual Studio Version 17
VisualStudioVersion = 17.14.36603.0 d17.14
MinimumVisualStudioVersion = 10.0.40219.1
Project("{FAE04EC0-301F-11D3-BF4B-00C04F79EFBC}") = "WebAPIDB", "WebAPIDB\WebAPIDB.csproj", "{ECB7C173-48F7-4337-AAD6-154C3652CE61}"
EndProject
Global
	GlobalSection(SolutionConfigurationPlatforms) = preSolution
		Debug|Any CPU = Debug|Any CPU
		Release|Any CPU = Release|Any CPU
	EndGlobalSection
	GlobalSection(ProjectConfigurationPlatforms) = postSolution
		{ECB7C173-48F7-4337-AAD6-154C3652CE61}.Debug|Any CPU.ActiveCfg = Debug|Any CPU
		{ECB7C173-48F7-4337-AAD6-154C3652CE61}.Debug|Any CPU.Build.0 = Debug|Any CPU
		{ECB7C173-48F7-4337-AAD6-154C3652CE61}.Release|Any CPU.ActiveCfg = Release|Any CPU
		{ECB7C173-48F7-4337-AAD6-154C3652CE61}.Release|Any CPU.Build.0 = Release|Any CPU
	EndGlobalSection
	GlobalSection(SolutionProperties) = preSolution
		HideSolutionNode = FALSE
	EndGlobalSection
	GlobalSection(ExtensibilityGlobals) = postSolution
		SolutionGuid = {ADFBCD98-4F6E-405A-B3B2-EB4E5AA250E1}
	EndGlobalSection
EndGlobal
